// !$*UTF8*$!
{
	archiveVersion = 1;
	classes = {
	};
	objectVersion = 46;
	objects = {

/* Begin PBXBuildFile section */
		B0E02F88BC0D231B2AAE9119 /* Pods_FirebasePhun.framework in Frameworks */ = {isa = PBXBuildFile; fileRef = 9362A11CBC232BC0496C9334 /* Pods_FirebasePhun.framework */; };
		B185B32B1EA7166A00DFC0F9 /* MainViewControllerExtension.swift in Sources */ = {isa = PBXBuildFile; fileRef = B185B32A1EA7166A00DFC0F9 /* MainViewControllerExtension.swift */; };
		B1E8B06A1EA661F3007F30A4 /* AppDelegate.swift in Sources */ = {isa = PBXBuildFile; fileRef = B1E8B0691EA661F3007F30A4 /* AppDelegate.swift */; };
		B1E8B06C1EA661F3007F30A4 /* MainViewController.swift in Sources */ = {isa = PBXBuildFile; fileRef = B1E8B06B1EA661F3007F30A4 /* MainViewController.swift */; };
		B1E8B06F1EA661F3007F30A4 /* Main.storyboard in Resources */ = {isa = PBXBuildFile; fileRef = B1E8B06D1EA661F3007F30A4 /* Main.storyboard */; };
		B1E8B0711EA661F3007F30A4 /* Assets.xcassets in Resources */ = {isa = PBXBuildFile; fileRef = B1E8B0701EA661F3007F30A4 /* Assets.xcassets */; };
		B1E8B0741EA661F3007F30A4 /* LaunchScreen.storyboard in Resources */ = {isa = PBXBuildFile; fileRef = B1E8B0721EA661F3007F30A4 /* LaunchScreen.storyboard */; };
		B1ED72071EA7135A008C231B /* GoogleService-Info.plist in Resources */ = {isa = PBXBuildFile; fileRef = B1ED72061EA7135A008C231B /* GoogleService-Info.plist */; };
/* End PBXBuildFile section */

/* Begin PBXFileReference section */
		9362A11CBC232BC0496C9334 /* Pods_FirebasePhun.framework */ = {isa = PBXFileReference; explicitFileType = wrapper.framework; includeInIndex = 0; path = Pods_FirebasePhun.framework; sourceTree = BUILT_PRODUCTS_DIR; };
		9F25F1F87DA48686F783F3DD /* Pods-FirebasePhun.release.xcconfig */ = {isa = PBXFileReference; includeInIndex = 1; lastKnownFileType = text.xcconfig; name = "Pods-FirebasePhun.release.xcconfig"; path = "Pods/Target Support Files/Pods-FirebasePhun/Pods-FirebasePhun.release.xcconfig"; sourceTree = "<group>"; };
		B185B32A1EA7166A00DFC0F9 /* MainViewControllerExtension.swift */ = {isa = PBXFileReference; fileEncoding = 4; lastKnownFileType = sourcecode.swift; path = MainViewControllerExtension.swift; sourceTree = "<group>"; };
		B1E8B0661EA661F3007F30A4 /* FirebasePhun.app */ = {isa = PBXFileReference; explicitFileType = wrapper.application; includeInIndex = 0; path = FirebasePhun.app; sourceTree = BUILT_PRODUCTS_DIR; };
		B1E8B0691EA661F3007F30A4 /* AppDelegate.swift */ = {isa = PBXFileReference; lastKnownFileType = sourcecode.swift; path = AppDelegate.swift; sourceTree = "<group>"; };
		B1E8B06B1EA661F3007F30A4 /* MainViewController.swift */ = {isa = PBXFileReference; lastKnownFileType = sourcecode.swift; path = MainViewController.swift; sourceTree = "<group>"; };
		B1E8B06E1EA661F3007F30A4 /* Base */ = {isa = PBXFileReference; lastKnownFileType = file.storyboard; name = Base; path = Base.lproj/Main.storyboard; sourceTree = "<group>"; };
		B1E8B0701EA661F3007F30A4 /* Assets.xcassets */ = {isa = PBXFileReference; lastKnownFileType = folder.assetcatalog; path = Assets.xcassets; sourceTree = "<group>"; };
		B1E8B0731EA661F3007F30A4 /* Base */ = {isa = PBXFileReference; lastKnownFileType = file.storyboard; name = Base; path = Base.lproj/LaunchScreen.storyboard; sourceTree = "<group>"; };
		B1E8B0751EA661F3007F30A4 /* Info.plist */ = {isa = PBXFileReference; lastKnownFileType = text.plist.xml; path = Info.plist; sourceTree = "<group>"; };
		B1ED72061EA7135A008C231B /* GoogleService-Info.plist */ = {isa = PBXFileReference; fileEncoding = 4; lastKnownFileType = text.plist.xml; path = "GoogleService-Info.plist"; sourceTree = "<group>"; };
		C29656A14B899A7A5CB31125 /* Pods-FirebasePhun.debug.xcconfig */ = {isa = PBXFileReference; includeInIndex = 1; lastKnownFileType = text.xcconfig; name = "Pods-FirebasePhun.debug.xcconfig"; path = "Pods/Target Support Files/Pods-FirebasePhun/Pods-FirebasePhun.debug.xcconfig"; sourceTree = "<group>"; };
/* End PBXFileReference section */

/* Begin PBXFrameworksBuildPhase section */
		B1E8B0631EA661F3007F30A4 /* Frameworks */ = {
			isa = PBXFrameworksBuildPhase;
			buildActionMask = 2147483647;
			files = (
				B0E02F88BC0D231B2AAE9119 /* Pods_FirebasePhun.framework in Frameworks */,
			);
			runOnlyForDeploymentPostprocessing = 0;
		};
/* End PBXFrameworksBuildPhase section */

/* Begin PBXGroup section */
		448E29B0DB4F377ABB20282E /* Frameworks */ = {
			isa = PBXGroup;
			children = (
				9362A11CBC232BC0496C9334 /* Pods_FirebasePhun.framework */,
			);
			name = Frameworks;
			sourceTree = "<group>";
		};
		B185B3291EA7165000DFC0F9 /* extensions */ = {
			isa = PBXGroup;
			children = (
				B185B32A1EA7166A00DFC0F9 /* MainViewControllerExtension.swift */,
			);
			name = extensions;
			sourceTree = "<group>";
		};
		B1E8B05D1EA661F3007F30A4 = {
			isa = PBXGroup;
			children = (
				B1E8B0681EA661F3007F30A4 /* FirebasePhun */,
				B1E8B0671EA661F3007F30A4 /* Products */,
				DA00B546F91AB4E8E4C39F03 /* Pods */,
				448E29B0DB4F377ABB20282E /* Frameworks */,
			);
			sourceTree = "<group>";
		};
		B1E8B0671EA661F3007F30A4 /* Products */ = {
			isa = PBXGroup;
			children = (
				B1E8B0661EA661F3007F30A4 /* FirebasePhun.app */,
			);
			name = Products;
			sourceTree = "<group>";
		};
		B1E8B0681EA661F3007F30A4 /* FirebasePhun */ = {
			isa = PBXGroup;
			children = (
				B1ED72081EA71539008C231B /* model */,
				B1ED72091EA71540008C231B /* view */,
				B1ED720A1EA71544008C231B /* controller */,
				B1ED720D1EA715AC008C231B /* resources */,
				B1E8B0751EA661F3007F30A4 /* Info.plist */,
				B1ED72061EA7135A008C231B /* GoogleService-Info.plist */,
				B1E8B0691EA661F3007F30A4 /* AppDelegate.swift */,
			);
			path = FirebasePhun;
			sourceTree = "<group>";
		};
		B1ED72081EA71539008C231B /* model */ = {
			isa = PBXGroup;
			children = (
			);
			name = model;
			sourceTree = "<group>";
		};
		B1ED72091EA71540008C231B /* view */ = {
			isa = PBXGroup;
			children = (
				B1ED720C1EA71573008C231B /* partials */,
				B1ED720B1EA7156A008C231B /* storyboards */,
			);
			name = view;
			sourceTree = "<group>";
		};
		B1ED720A1EA71544008C231B /* controller */ = {
			isa = PBXGroup;
			children = (
				B185B3291EA7165000DFC0F9 /* extensions */,
				B1E8B06B1EA661F3007F30A4 /* MainViewController.swift */,
			);
			name = controller;
			sourceTree = "<group>";
		};
		B1ED720B1EA7156A008C231B /* storyboards */ = {
			isa = PBXGroup;
			children = (
				B1E8B06D1EA661F3007F30A4 /* Main.storyboard */,
				B1E8B0721EA661F3007F30A4 /* LaunchScreen.storyboard */,
			);
			name = storyboards;
			sourceTree = "<group>";
		};
		B1ED720C1EA71573008C231B /* partials */ = {
			isa = PBXGroup;
			children = (
			);
			name = partials;
			sourceTree = "<group>";
		};
		B1ED720D1EA715AC008C231B /* resources */ = {
			isa = PBXGroup;
			children = (
				B1E8B0701EA661F3007F30A4 /* Assets.xcassets */,
			);
			name = resources;
			sourceTree = "<group>";
		};
		DA00B546F91AB4E8E4C39F03 /* Pods */ = {
			isa = PBXGroup;
			children = (
				C29656A14B899A7A5CB31125 /* Pods-FirebasePhun.debug.xcconfig */,
				9F25F1F87DA48686F783F3DD /* Pods-FirebasePhun.release.xcconfig */,
			);
			name = Pods;
			sourceTree = "<group>";
		};
/* End PBXGroup section */

/* Begin PBXNativeTarget section */
		B1E8B0651EA661F3007F30A4 /* FirebasePhun */ = {
			isa = PBXNativeTarget;
			buildConfigurationList = B1E8B0781EA661F3007F30A4 /* Build configuration list for PBXNativeTarget "FirebasePhun" */;
			buildPhases = (
				2E3A8D083D352F562379703F /* [CP] Check Pods Manifest.lock */,
				B1E8B0621EA661F3007F30A4 /* Sources */,
				B1E8B0631EA661F3007F30A4 /* Frameworks */,
				B1E8B0641EA661F3007F30A4 /* Resources */,
				F25198002EE91C0F01186FAB /* [CP] Embed Pods Frameworks */,
				702FBF64148CE9781EF5F83C /* [CP] Copy Pods Resources */,
			);
			buildRules = (
			);
			dependencies = (
			);
			name = FirebasePhun;
			productName = FirebasePhun;
			productReference = B1E8B0661EA661F3007F30A4 /* FirebasePhun.app */;
			productType = "com.apple.product-type.application";
		};
/* End PBXNativeTarget section */

/* Begin PBXProject section */
		B1E8B05E1EA661F3007F30A4 /* Project object */ = {
			isa = PBXProject;
			attributes = {
				LastSwiftUpdateCheck = 0830;
				LastUpgradeCheck = 0830;
				ORGANIZATIONNAME = "Patrick Paechnatz";
				TargetAttributes = {
					B1E8B0651EA661F3007F30A4 = {
						CreatedOnToolsVersion = 8.3.1;
						DevelopmentTeam = QYU36A8NKN;
						ProvisioningStyle = Automatic;
					};
				};
			};
			buildConfigurationList = B1E8B0611EA661F3007F30A4 /* Build configuration list for PBXProject "FirebasePhun" */;
			compatibilityVersion = "Xcode 3.2";
			developmentRegion = English;
			hasScannedForEncodings = 0;
			knownRegions = (
				en,
				Base,
			);
			mainGroup = B1E8B05D1EA661F3007F30A4;
			productRefGroup = B1E8B0671EA661F3007F30A4 /* Products */;
			projectDirPath = "";
			projectRoot = "";
			targets = (
				B1E8B0651EA661F3007F30A4 /* FirebasePhun */,
			);
		};
/* End PBXProject section */

/* Begin PBXResourcesBuildPhase section */
		B1E8B0641EA661F3007F30A4 /* Resources */ = {
			isa = PBXResourcesBuildPhase;
			buildActionMask = 2147483647;
			files = (
				B1E8B0741EA661F3007F30A4 /* LaunchScreen.storyboard in Resources */,
				B1ED72071EA7135A008C231B /* GoogleService-Info.plist in Resources */,
				B1E8B0711EA661F3007F30A4 /* Assets.xcassets in Resources */,
				B1E8B06F1EA661F3007F30A4 /* Main.storyboard in Resources */,
			);
			runOnlyForDeploymentPostprocessing = 0;
		};
/* End PBXResourcesBuildPhase section */

/* Begin PBXShellScriptBuildPhase section */
		2E3A8D083D352F562379703F /* [CP] Check Pods Manifest.lock */ = {
			isa = PBXShellScriptBuildPhase;
			buildActionMask = 2147483647;
			files = (
			);
			inputPaths = (
			);
			name = "[CP] Check Pods Manifest.lock";
			outputPaths = (
			);
			runOnlyForDeploymentPostprocessing = 0;
			shellPath = /bin/sh;
			shellScript = "diff \"${PODS_PODFILE_DIR_PATH}/Podfile.lock\" \"${PODS_ROOT}/Manifest.lock\" > /dev/null\nif [ $? != 0 ] ; then\n    # print error to STDERR\n    echo \"error: The sandbox is not in sync with the Podfile.lock. Run 'pod install' or update your CocoaPods installation.\" >&2\n    exit 1\nfi\n";
			showEnvVarsInLog = 0;
		};
		702FBF64148CE9781EF5F83C /* [CP] Copy Pods Resources */ = {
			isa = PBXShellScriptBuildPhase;
			buildActionMask = 2147483647;
			files = (
			);
			inputPaths = (
			);
			name = "[CP] Copy Pods Resources";
			outputPaths = (
			);
			runOnlyForDeploymentPostprocessing = 0;
			shellPath = /bin/sh;
			shellScript = "\"${SRCROOT}/Pods/Target Support Files/Pods-FirebasePhun/Pods-FirebasePhun-resources.sh\"\n";
			showEnvVarsInLog = 0;
		};
		F25198002EE91C0F01186FAB /* [CP] Embed Pods Frameworks */ = {
			isa = PBXShellScriptBuildPhase;
			buildActionMask = 2147483647;
			files = (
			);
			inputPaths = (
			);
			name = "[CP] Embed Pods Frameworks";
			outputPaths = (
			);
			runOnlyForDeploymentPostprocessing = 0;
			shellPath = /bin/sh;
			shellScript = "\"${SRCROOT}/Pods/Target Support Files/Pods-FirebasePhun/Pods-FirebasePhun-frameworks.sh\"\n";
			showEnvVarsInLog = 0;
		};
/* End PBXShellScriptBuildPhase section */

/* Begin PBXSourcesBuildPhase section */
		B1E8B0621EA661F3007F30A4 /* Sources */ = {
			isa = PBXSourcesBuildPhase;
			buildActionMask = 2147483647;
			files = (
				B185B32B1EA7166A00DFC0F9 /* MainViewControllerExtension.swift in Sources */,
				B1E8B06C1EA661F3007F30A4 /* MainViewController.swift in Sources */,
				B1E8B06A1EA661F3007F30A4 /* AppDelegate.swift in Sources */,
			);
			runOnlyForDeploymentPostprocessing = 0;
		};
/* End PBXSourcesBuildPhase section */

/* Begin PBXVariantGroup section */
		B1E8B06D1EA661F3007F30A4 /* Main.storyboard */ = {
			isa = PBXVariantGroup;
			children = (
				B1E8B06E1EA661F3007F30A4 /* Base */,
			);
			name = Main.storyboard;
			sourceTree = "<group>";
		};
		B1E8B0721EA661F3007F30A4 /* LaunchScreen.storyboard */ = {
			isa = PBXVariantGroup;
			children = (
				B1E8B0731EA661F3007F30A4 /* Base */,
			);
			name = LaunchScreen.storyboard;
			sourceTree = "<group>";
		};
/* End PBXVariantGroup section */

/* Begin XCBuildConfiguration section */
		B1E8B0761EA661F3007F30A4 /* Debug */ = {
			isa = XCBuildConfiguration;
			buildSettings = {
				ALWAYS_SEARCH_USER_PATHS = NO;
				CLANG_ANALYZER_NONNULL = YES;
				CLANG_ANALYZER_NUMBER_OBJECT_CONVERSION = YES_AGGRESSIVE;
				CLANG_CXX_LANGUAGE_STANDARD = "gnu++0x";
				CLANG_CXX_LIBRARY = "libc++";
				CLANG_ENABLE_MODULES = YES;
				CLANG_ENABLE_OBJC_ARC = YES;
				CLANG_WARN_BOOL_CONVERSION = YES;
				CLANG_WARN_CONSTANT_CONVERSION = YES;
				CLANG_WARN_DIRECT_OBJC_ISA_USAGE = YES_ERROR;
				CLANG_WARN_DOCUMENTATION_COMMENTS = YES;
				CLANG_WARN_EMPTY_BODY = YES;
				CLANG_WARN_ENUM_CONVERSION = YES;
				CLANG_WARN_INFINITE_RECURSION = YES;
				CLANG_WARN_INT_CONVERSION = YES;
				CLANG_WARN_OBJC_ROOT_CLASS = YES_ERROR;
				CLANG_WARN_SUSPICIOUS_MOVE = YES;
				CLANG_WARN_UNREACHABLE_CODE = YES;
				CLANG_WARN__DUPLICATE_METHOD_MATCH = YES;
				"CODE_SIGN_IDENTITY[sdk=iphoneos*]" = "iPhone Developer";
				COPY_PHASE_STRIP = NO;
				DEBUG_INFORMATION_FORMAT = dwarf;
				ENABLE_STRICT_OBJC_MSGSEND = YES;
				ENABLE_TESTABILITY = YES;
				GCC_C_LANGUAGE_STANDARD = gnu99;
				GCC_DYNAMIC_NO_PIC = NO;
				GCC_NO_COMMON_BLOCKS = YES;
				GCC_OPTIMIZATION_LEVEL = 0;
				GCC_PREPROCESSOR_DEFINITIONS = (
					"DEBUG=1",
					"$(inherited)",
				);
				GCC_WARN_64_TO_32_BIT_CONVERSION = YES;
				GCC_WARN_ABOUT_RETURN_TYPE = YES_ERROR;
				GCC_WARN_UNDECLARED_SELECTOR = YES;
				GCC_WARN_UNINITIALIZED_AUTOS = YES_AGGRESSIVE;
				GCC_WARN_UNUSED_FUNCTION = YES;
				GCC_WARN_UNUSED_VARIABLE = YES;
				IPHONEOS_DEPLOYMENT_TARGET = 10.3;
				MTL_ENABLE_DEBUG_INFO = YES;
				ONLY_ACTIVE_ARCH = YES;
				SDKROOT = iphoneos;
				SWIFT_ACTIVE_COMPILATION_CONDITIONS = DEBUG;
				SWIFT_OPTIMIZATION_LEVEL = "-Onone";
				TARGETED_DEVICE_FAMILY = "1,2";
			};
			name = Debug;
		};
		B1E8B0771EA661F3007F30A4 /* Release */ = {
			isa = XCBuildConfiguration;
			buildSettings = {
				ALWAYS_SEARCH_USER_PATHS = NO;
				CLANG_ANALYZER_NONNULL = YES;
				CLANG_ANALYZER_NUMBER_OBJECT_CONVERSION = YES_AGGRESSIVE;
				CLANG_CXX_LANGUAGE_STANDARD = "gnu++0x";
				CLANG_CXX_LIBRARY = "libc++";
				CLANG_ENABLE_MODULES = YES;
				CLANG_ENABLE_OBJC_ARC = YES;
				CLANG_WARN_BOOL_CONVERSION = YES;
				CLANG_WARN_CONSTANT_CONVERSION = YES;
				CLANG_WARN_DIRECT_OBJC_ISA_USAGE = YES_ERROR;
				CLANG_WARN_DOCUMENTATION_COMMENTS = YES;
				CLANG_WARN_EMPTY_BODY = YES;
				CLANG_WARN_ENUM_CONVERSION = YES;
				CLANG_WARN_INFINITE_RECURSION = YES;
				CLANG_WARN_INT_CONVERSION = YES;
				CLANG_WARN_OBJC_ROOT_CLASS = YES_ERROR;
				CLANG_WARN_SUSPICIOUS_MOVE = YES;
				CLANG_WARN_UNREACHABLE_CODE = YES;
				CLANG_WARN__DUPLICATE_METHOD_MATCH = YES;
				"CODE_SIGN_IDENTITY[sdk=iphoneos*]" = "iPhone Developer";
				COPY_PHASE_STRIP = NO;
				DEBUG_INFORMATION_FORMAT = "dwarf-with-dsym";
				ENABLE_NS_ASSERTIONS = NO;
				ENABLE_STRICT_OBJC_MSGSEND = YES;
				GCC_C_LANGUAGE_STANDARD = gnu99;
				GCC_NO_COMMON_BLOCKS = YES;
				GCC_WARN_64_TO_32_BIT_CONVERSION = YES;
				GCC_WARN_ABOUT_RETURN_TYPE = YES_ERROR;
				GCC_WARN_UNDECLARED_SELECTOR = YES;
				GCC_WARN_UNINITIALIZED_AUTOS = YES_AGGRESSIVE;
				GCC_WARN_UNUSED_FUNCTION = YES;
				GCC_WARN_UNUSED_VARIABLE = YES;
				IPHONEOS_DEPLOYMENT_TARGET = 10.3;
				MTL_ENABLE_DEBUG_INFO = NO;
				SDKROOT = iphoneos;
				SWIFT_OPTIMIZATION_LEVEL = "-Owholemodule";
				TARGETED_DEVICE_FAMILY = "1,2";
				VALIDATE_PRODUCT = YES;
			};
			name = Release;
		};
		B1E8B0791EA661F3007F30A4 /* Debug */ = {
			isa = XCBuildConfiguration;
			baseConfigurationReference = C29656A14B899A7A5CB31125 /* Pods-FirebasePhun.debug.xcconfig */;
			buildSettings = {
				ASSETCATALOG_COMPILER_APPICON_NAME = AppIcon;
				DEVELOPMENT_TEAM = QYU36A8NKN;
				INFOPLIST_FILE = FirebasePhun/Info.plist;
				LD_RUNPATH_SEARCH_PATHS = "$(inherited) @executable_path/Frameworks";
				PRODUCT_BUNDLE_IDENTIFIER = com.dunkelfrosch.ios.FirebasePhun;
				PRODUCT_NAME = "$(TARGET_NAME)";
				SWIFT_VERSION = 3.0;
			};
			name = Debug;
		};
		B1E8B07A1EA661F3007F30A4 /* Release */ = {
			isa = XCBuildConfiguration;
			baseConfigurationReference = 9F25F1F87DA48686F783F3DD /* Pods-FirebasePhun.release.xcconfig */;
			buildSettings = {
				ASSETCATALOG_COMPILER_APPICON_NAME = AppIcon;
				DEVELOPMENT_TEAM = QYU36A8NKN;
				INFOPLIST_FILE = FirebasePhun/Info.plist;
				LD_RUNPATH_SEARCH_PATHS = "$(inherited) @executable_path/Frameworks";
				PRODUCT_BUNDLE_IDENTIFIER = com.dunkelfrosch.ios.FirebasePhun;
				PRODUCT_NAME = "$(TARGET_NAME)";
				SWIFT_VERSION = 3.0;
			};
			name = Release;
		};
/* End XCBuildConfiguration section */

/* Begin XCConfigurationList section */
		B1E8B0611EA661F3007F30A4 /* Build configuration list for PBXProject "FirebasePhun" */ = {
			isa = XCConfigurationList;
			buildConfigurations = (
				B1E8B0761EA661F3007F30A4 /* Debug */,
				B1E8B0771EA661F3007F30A4 /* Release */,
			);
			defaultConfigurationIsVisible = 0;
			defaultConfigurationName = Release;
		};
		B1E8B0781EA661F3007F30A4 /* Build configuration list for PBXNativeTarget "FirebasePhun" */ = {
			isa = XCConfigurationList;
			buildConfigurations = (
				B1E8B0791EA661F3007F30A4 /* Debug */,
				B1E8B07A1EA661F3007F30A4 /* Release */,
			);
			defaultConfigurationIsVisible = 0;
			defaultConfigurationName = Release;
		};
/* End XCConfigurationList section */
	};
	rootObject = B1E8B05E1EA661F3007F30A4 /* Project object */;
}
